// !$*UTF8*$!
{
	archiveVersion = 1;
	classes = {
	};
	objectVersion = 55;
	objects = {

/* Begin PBXBuildFile section */
		499644D0289148AD00C0639F /* AppDelegate.swift in Sources */ = {isa = PBXBuildFile; fileRef = 499644CF289148AD00C0639F /* AppDelegate.swift */; };
		499644D2289148AD00C0639F /* SceneDelegate.swift in Sources */ = {isa = PBXBuildFile; fileRef = 499644D1289148AD00C0639F /* SceneDelegate.swift */; };
		499644D4289148AD00C0639F /* ViewController.swift in Sources */ = {isa = PBXBuildFile; fileRef = 499644D3289148AD00C0639F /* ViewController.swift */; };
		499644D7289148AD00C0639F /* Main.storyboard in Resources */ = {isa = PBXBuildFile; fileRef = 499644D5289148AD00C0639F /* Main.storyboard */; };
		499644D9289148AF00C0639F /* Assets.xcassets in Resources */ = {isa = PBXBuildFile; fileRef = 499644D8289148AF00C0639F /* Assets.xcassets */; };
		499644DC289148AF00C0639F /* LaunchScreen.storyboard in Resources */ = {isa = PBXBuildFile; fileRef = 499644DA289148AF00C0639F /* LaunchScreen.storyboard */; };
		499644E5289154F600C0639F /* DrinkTableViewCell.swift in Sources */ = {isa = PBXBuildFile; fileRef = 499644E4289154F600C0639F /* DrinkTableViewCell.swift */; };
		499644E72891590800C0639F /* MoreInfoViewController.swift in Sources */ = {isa = PBXBuildFile; fileRef = 499644E62891590800C0639F /* MoreInfoViewController.swift */; };
		499644E92891695000C0639F /* LeftAlignedCollectionViewFlowLayout.swift in Sources */ = {isa = PBXBuildFile; fileRef = 499644E82891695000C0639F /* LeftAlignedCollectionViewFlowLayout.swift */; };
		499644EB289169AD00C0639F /* IngredientsCollectionViewCell.swift in Sources */ = {isa = PBXBuildFile; fileRef = 499644EA289169AD00C0639F /* IngredientsCollectionViewCell.swift */; };
		499644F228916E3800C0639F /* Drink.swift in Sources */ = {isa = PBXBuildFile; fileRef = 499644F128916E3800C0639F /* Drink.swift */; };
/* End PBXBuildFile section */

/* Begin PBXFileReference section */
		499644CC289148AD00C0639F /* DrinkMenu.app */ = {isa = PBXFileReference; explicitFileType = wrapper.application; includeInIndex = 0; path = DrinkMenu.app; sourceTree = BUILT_PRODUCTS_DIR; };
		499644CF289148AD00C0639F /* AppDelegate.swift */ = {isa = PBXFileReference; lastKnownFileType = sourcecode.swift; path = AppDelegate.swift; sourceTree = "<group>"; };
		499644D1289148AD00C0639F /* SceneDelegate.swift */ = {isa = PBXFileReference; lastKnownFileType = sourcecode.swift; path = SceneDelegate.swift; sourceTree = "<group>"; };
		499644D3289148AD00C0639F /* ViewController.swift */ = {isa = PBXFileReference; lastKnownFileType = sourcecode.swift; path = ViewController.swift; sourceTree = "<group>"; };
		499644D6289148AD00C0639F /* Base */ = {isa = PBXFileReference; lastKnownFileType = file.storyboard; name = Base; path = Base.lproj/Main.storyboard; sourceTree = "<group>"; };
		499644D8289148AF00C0639F /* Assets.xcassets */ = {isa = PBXFileReference; lastKnownFileType = folder.assetcatalog; path = Assets.xcassets; sourceTree = "<group>"; };
		499644DB289148AF00C0639F /* Base */ = {isa = PBXFileReference; lastKnownFileType = file.storyboard; name = Base; path = Base.lproj/LaunchScreen.storyboard; sourceTree = "<group>"; };
		499644DD289148AF00C0639F /* Info.plist */ = {isa = PBXFileReference; lastKnownFileType = text.plist.xml; path = Info.plist; sourceTree = "<group>"; };
		499644E4289154F600C0639F /* DrinkTableViewCell.swift */ = {isa = PBXFileReference; lastKnownFileType = sourcecode.swift; path = DrinkTableViewCell.swift; sourceTree = "<group>"; };
		499644E62891590800C0639F /* MoreInfoViewController.swift */ = {isa = PBXFileReference; lastKnownFileType = sourcecode.swift; path = MoreInfoViewController.swift; sourceTree = "<group>"; };
		499644E82891695000C0639F /* LeftAlignedCollectionViewFlowLayout.swift */ = {isa = PBXFileReference; lastKnownFileType = sourcecode.swift; path = LeftAlignedCollectionViewFlowLayout.swift; sourceTree = "<group>"; };
		499644EA289169AD00C0639F /* IngredientsCollectionViewCell.swift */ = {isa = PBXFileReference; lastKnownFileType = sourcecode.swift; path = IngredientsCollectionViewCell.swift; sourceTree = "<group>"; };
		499644F128916E3800C0639F /* Drink.swift */ = {isa = PBXFileReference; lastKnownFileType = sourcecode.swift; path = Drink.swift; sourceTree = "<group>"; };
/* End PBXFileReference section */

/* Begin PBXFrameworksBuildPhase section */
		499644C9289148AD00C0639F /* Frameworks */ = {
			isa = PBXFrameworksBuildPhase;
			buildActionMask = 2147483647;
			files = (
			);
			runOnlyForDeploymentPostprocessing = 0;
		};
/* End PBXFrameworksBuildPhase section */

/* Begin PBXGroup section */
		499644C3289148AD00C0639F = {
			isa = PBXGroup;
			children = (
				499644CE289148AD00C0639F /* DrinkMenu */,
				499644CD289148AD00C0639F /* Products */,
			);
			sourceTree = "<group>";
		};
		499644CD289148AD00C0639F /* Products */ = {
			isa = PBXGroup;
			children = (
				499644CC289148AD00C0639F /* DrinkMenu.app */,
			);
			name = Products;
			sourceTree = "<group>";
		};
		499644CE289148AD00C0639F /* DrinkMenu */ = {
			isa = PBXGroup;
			children = (
				499644EE28916D9600C0639F /* Model */,
				499644ED28916D9100C0639F /* View */,
				499644EC28916D8A00C0639F /* Controller */,
				499644CF289148AD00C0639F /* AppDelegate.swift */,
				499644D1289148AD00C0639F /* SceneDelegate.swift */,
				499644D8289148AF00C0639F /* Assets.xcassets */,
				499644DD289148AF00C0639F /* Info.plist */,
			);
			path = DrinkMenu;
			sourceTree = "<group>";
		};
		499644EC28916D8A00C0639F /* Controller */ = {
			isa = PBXGroup;
			children = (
				499644F028916DD700C0639F /* DrinkControllers */,
				499644EF28916DB400C0639F /* SearchController */,
			);
			path = Controller;
			sourceTree = "<group>";
		};
		499644ED28916D9100C0639F /* View */ = {
			isa = PBXGroup;
			children = (
				499644DA289148AF00C0639F /* LaunchScreen.storyboard */,
				499644D5289148AD00C0639F /* Main.storyboard */,
			);
			path = View;
			sourceTree = "<group>";
		};
		499644EE28916D9600C0639F /* Model */ = {
			isa = PBXGroup;
			children = (
				499644F128916E3800C0639F /* Drink.swift */,
			);
			path = Model;
			sourceTree = "<group>";
		};
		499644EF28916DB400C0639F /* SearchController */ = {
			isa = PBXGroup;
			children = (
				499644D3289148AD00C0639F /* ViewController.swift */,
				499644E4289154F600C0639F /* DrinkTableViewCell.swift */,
			);
			path = SearchController;
			sourceTree = "<group>";
		};
		499644F028916DD700C0639F /* DrinkControllers */ = {
			isa = PBXGroup;
			children = (
				499644E62891590800C0639F /* MoreInfoViewController.swift */,
				499644E82891695000C0639F /* LeftAlignedCollectionViewFlowLayout.swift */,
				499644EA289169AD00C0639F /* IngredientsCollectionViewCell.swift */,
			);
			path = DrinkControllers;
			sourceTree = "<group>";
		};
/* End PBXGroup section */

/* Begin PBXNativeTarget section */
		499644CB289148AD00C0639F /* DrinkMenu */ = {
			isa = PBXNativeTarget;
			buildConfigurationList = 499644E0289148AF00C0639F /* Build configuration list for PBXNativeTarget "DrinkMenu" */;
			buildPhases = (
				499644C8289148AD00C0639F /* Sources */,
				499644C9289148AD00C0639F /* Frameworks */,
				499644CA289148AD00C0639F /* Resources */,
			);
			buildRules = (
			);
			dependencies = (
			);
			name = DrinkMenu;
			productName = DrinkMenu;
			productReference = 499644CC289148AD00C0639F /* DrinkMenu.app */;
			productType = "com.apple.product-type.application";
		};
/* End PBXNativeTarget section */

/* Begin PBXProject section */
		499644C4289148AD00C0639F /* Project object */ = {
			isa = PBXProject;
			attributes = {
				BuildIndependentTargetsInParallel = 1;
				LastSwiftUpdateCheck = 1340;
				LastUpgradeCheck = 1340;
				TargetAttributes = {
					499644CB289148AD00C0639F = {
						CreatedOnToolsVersion = 13.4.1;
					};
				};
			};
			buildConfigurationList = 499644C7289148AD00C0639F /* Build configuration list for PBXProject "DrinkMenu" */;
			compatibilityVersion = "Xcode 13.0";
			developmentRegion = en;
			hasScannedForEncodings = 0;
			knownRegions = (
				en,
				Base,
			);
			mainGroup = 499644C3289148AD00C0639F;
			productRefGroup = 499644CD289148AD00C0639F /* Products */;
			projectDirPath = "";
			projectRoot = "";
			targets = (
				499644CB289148AD00C0639F /* DrinkMenu */,
			);
		};
/* End PBXProject section */

/* Begin PBXResourcesBuildPhase section */
		499644CA289148AD00C0639F /* Resources */ = {
			isa = PBXResourcesBuildPhase;
			buildActionMask = 2147483647;
			files = (
				499644DC289148AF00C0639F /* LaunchScreen.storyboard in Resources */,
				499644D9289148AF00C0639F /* Assets.xcassets in Resources */,
				499644D7289148AD00C0639F /* Main.storyboard in Resources */,
			);
			runOnlyForDeploymentPostprocessing = 0;
		};
/* End PBXResourcesBuildPhase section */

/* Begin PBXSourcesBuildPhase section */
		499644C8289148AD00C0639F /* Sources */ = {
			isa = PBXSourcesBuildPhase;
			buildActionMask = 2147483647;
			files = (
				499644D4289148AD00C0639F /* ViewController.swift in Sources */,
				499644EB289169AD00C0639F /* IngredientsCollectionViewCell.swift in Sources */,
				499644D0289148AD00C0639F /* AppDelegate.swift in Sources */,
				499644E92891695000C0639F /* LeftAlignedCollectionViewFlowLayout.swift in Sources */,
				499644E72891590800C0639F /* MoreInfoViewController.swift in Sources */,
				499644E5289154F600C0639F /* DrinkTableViewCell.swift in Sources */,
				499644F228916E3800C0639F /* Drink.swift in Sources */,
				499644D2289148AD00C0639F /* SceneDelegate.swift in Sources */,
			);
			runOnlyForDeploymentPostprocessing = 0;
		};
/* End PBXSourcesBuildPhase section */

/* Begin PBXVariantGroup section */
		499644D5289148AD00C0639F /* Main.storyboard */ = {
			isa = PBXVariantGroup;
			children = (
				499644D6289148AD00C0639F /* Base */,
			);
			name = Main.storyboard;
			sourceTree = "<group>";
		};
		499644DA289148AF00C0639F /* LaunchScreen.storyboard */ = {
			isa = PBXVariantGroup;
			children = (
				499644DB289148AF00C0639F /* Base */,
			);
			name = LaunchScreen.storyboard;
			sourceTree = "<group>";
		};
/* End PBXVariantGroup section */

/* Begin XCBuildConfiguration section */
		499644DE289148AF00C0639F /* Debug */ = {
			isa = XCBuildConfiguration;
			buildSettings = {
				ALWAYS_SEARCH_USER_PATHS = NO;
				CLANG_ANALYZER_NONNULL = YES;
				CLANG_ANALYZER_NUMBER_OBJECT_CONVERSION = YES_AGGRESSIVE;
				CLANG_CXX_LANGUAGE_STANDARD = "gnu++17";
				CLANG_ENABLE_MODULES = YES;
				CLANG_ENABLE_OBJC_ARC = YES;
				CLANG_ENABLE_OBJC_WEAK = YES;
				CLANG_WARN_BLOCK_CAPTURE_AUTORELEASING = YES;
				CLANG_WARN_BOOL_CONVERSION = YES;
				CLANG_WARN_COMMA = YES;
				CLANG_WARN_CONSTANT_CONVERSION = YES;
				CLANG_WARN_DEPRECATED_OBJC_IMPLEMENTATIONS = YES;
				CLANG_WARN_DIRECT_OBJC_ISA_USAGE = YES_ERROR;
				CLANG_WARN_DOCUMENTATION_COMMENTS = YES;
				CLANG_WARN_EMPTY_BODY = YES;
				CLANG_WARN_ENUM_CONVERSION = YES;
				CLANG_WARN_INFINITE_RECURSION = YES;
				CLANG_WARN_INT_CONVERSION = YES;
				CLANG_WARN_NON_LITERAL_NULL_CONVERSION = YES;
				CLANG_WARN_OBJC_IMPLICIT_RETAIN_SELF = YES;
				CLANG_WARN_OBJC_LITERAL_CONVERSION = YES;
				CLANG_WARN_OBJC_ROOT_CLASS = YES_ERROR;
				CLANG_WARN_QUOTED_INCLUDE_IN_FRAMEWORK_HEADER = YES;
				CLANG_WARN_RANGE_LOOP_ANALYSIS = YES;
				CLANG_WARN_STRICT_PROTOTYPES = YES;
				CLANG_WARN_SUSPICIOUS_MOVE = YES;
				CLANG_WARN_UNGUARDED_AVAILABILITY = YES_AGGRESSIVE;
				CLANG_WARN_UNREACHABLE_CODE = YES;
				CLANG_WARN__DUPLICATE_METHOD_MATCH = YES;
				COPY_PHASE_STRIP = NO;
				DEBUG_INFORMATION_FORMAT = dwarf;
				ENABLE_STRICT_OBJC_MSGSEND = YES;
				ENABLE_TESTABILITY = YES;
				GCC_C_LANGUAGE_STANDARD = gnu11;
				GCC_DYNAMIC_NO_PIC = NO;
				GCC_NO_COMMON_BLOCKS = YES;
				GCC_OPTIMIZATION_LEVEL = 0;
				GCC_PREPROCESSOR_DEFINITIONS = (
					"DEBUG=1",
					"$(inherited)",
				);
				GCC_WARN_64_TO_32_BIT_CONVERSION = YES;
				GCC_WARN_ABOUT_RETURN_TYPE = YES_ERROR;
				GCC_WARN_UNDECLARED_SELECTOR = YES;
				GCC_WARN_UNINITIALIZED_AUTOS = YES_AGGRESSIVE;
				GCC_WARN_UNUSED_FUNCTION = YES;
				GCC_WARN_UNUSED_VARIABLE = YES;
				IPHONEOS_DEPLOYMENT_TARGET = 15.5;
				MTL_ENABLE_DEBUG_INFO = INCLUDE_SOURCE;
				MTL_FAST_MATH = YES;
				ONLY_ACTIVE_ARCH = YES;
				SDKROOT = iphoneos;
				SWIFT_ACTIVE_COMPILATION_CONDITIONS = DEBUG;
				SWIFT_OPTIMIZATION_LEVEL = "-Onone";
			};
			name = Debug;
		};
		499644DF289148AF00C0639F /* Release */ = {
			isa = XCBuildConfiguration;
			buildSettings = {
				ALWAYS_SEARCH_USER_PATHS = NO;
				CLANG_ANALYZER_NONNULL = YES;
				CLANG_ANALYZER_NUMBER_OBJECT_CONVERSION = YES_AGGRESSIVE;
				CLANG_CXX_LANGUAGE_STANDARD = "gnu++17";
				CLANG_ENABLE_MODULES = YES;
				CLANG_ENABLE_OBJC_ARC = YES;
				CLANG_ENABLE_OBJC_WEAK = YES;
				CLANG_WARN_BLOCK_CAPTURE_AUTORELEASING = YES;
				CLANG_WARN_BOOL_CONVERSION = YES;
				CLANG_WARN_COMMA = YES;
				CLANG_WARN_CONSTANT_CONVERSION = YES;
				CLANG_WARN_DEPRECATED_OBJC_IMPLEMENTATIONS = YES;
				CLANG_WARN_DIRECT_OBJC_ISA_USAGE = YES_ERROR;
				CLANG_WARN_DOCUMENTATION_COMMENTS = YES;
				CLANG_WARN_EMPTY_BODY = YES;
				CLANG_WARN_ENUM_CONVERSION = YES;
				CLANG_WARN_INFINITE_RECURSION = YES;
				CLANG_WARN_INT_CONVERSION = YES;
				CLANG_WARN_NON_LITERAL_NULL_CONVERSION = YES;
				CLANG_WARN_OBJC_IMPLICIT_RETAIN_SELF = YES;
				CLANG_WARN_OBJC_LITERAL_CONVERSION = YES;
				CLANG_WARN_OBJC_ROOT_CLASS = YES_ERROR;
				CLANG_WARN_QUOTED_INCLUDE_IN_FRAMEWORK_HEADER = YES;
				CLANG_WARN_RANGE_LOOP_ANALYSIS = YES;
				CLANG_WARN_STRICT_PROTOTYPES = YES;
				CLANG_WARN_SUSPICIOUS_MOVE = YES;
				CLANG_WARN_UNGUARDED_AVAILABILITY = YES_AGGRESSIVE;
				CLANG_WARN_UNREACHABLE_CODE = YES;
				CLANG_WARN__DUPLICATE_METHOD_MATCH = YES;
				COPY_PHASE_STRIP = NO;
				DEBUG_INFORMATION_FORMAT = "dwarf-with-dsym";
				ENABLE_NS_ASSERTIONS = NO;
				ENABLE_STRICT_OBJC_MSGSEND = YES;
				GCC_C_LANGUAGE_STANDARD = gnu11;
				GCC_NO_COMMON_BLOCKS = YES;
				GCC_WARN_64_TO_32_BIT_CONVERSION = YES;
				GCC_WARN_ABOUT_RETURN_TYPE = YES_ERROR;
				GCC_WARN_UNDECLARED_SELECTOR = YES;
				GCC_WARN_UNINITIALIZED_AUTOS = YES_AGGRESSIVE;
				GCC_WARN_UNUSED_FUNCTION = YES;
				GCC_WARN_UNUSED_VARIABLE = YES;
				IPHONEOS_DEPLOYMENT_TARGET = 15.5;
				MTL_ENABLE_DEBUG_INFO = NO;
				MTL_FAST_MATH = YES;
				SDKROOT = iphoneos;
				SWIFT_COMPILATION_MODE = wholemodule;
				SWIFT_OPTIMIZATION_LEVEL = "-O";
				VALIDATE_PRODUCT = YES;
			};
			name = Release;
		};
		499644E1289148AF00C0639F /* Debug */ = {
			isa = XCBuildConfiguration;
			buildSettings = {
				ASSETCATALOG_COMPILER_APPICON_NAME = AppIcon;
				ASSETCATALOG_COMPILER_GLOBAL_ACCENT_COLOR_NAME = AccentColor;
				CODE_SIGN_STYLE = Automatic;
				CURRENT_PROJECT_VERSION = 1;
				DEVELOPMENT_TEAM = F67DJJKXHT;
				GENERATE_INFOPLIST_FILE = YES;
				INFOPLIST_FILE = DrinkMenu/Info.plist;
				INFOPLIST_KEY_UIApplicationSupportsIndirectInputEvents = YES;
				INFOPLIST_KEY_UILaunchStoryboardName = LaunchScreen;
				INFOPLIST_KEY_UIMainStoryboardFile = Main;
				INFOPLIST_KEY_UISupportedInterfaceOrientations_iPad = "UIInterfaceOrientationPortrait UIInterfaceOrientationPortraitUpsideDown UIInterfaceOrientationLandscapeLeft UIInterfaceOrientationLandscapeRight";
				INFOPLIST_KEY_UISupportedInterfaceOrientations_iPhone = "UIInterfaceOrientationPortrait UIInterfaceOrientationLandscapeLeft UIInterfaceOrientationLandscapeRight";
				LD_RUNPATH_SEARCH_PATHS = (
					"$(inherited)",
					"@executable_path/Frameworks",
				);
				MARKETING_VERSION = 1.0;
				PRODUCT_BUNDLE_IDENTIFIER = Siemaszefie.DrinkMenu;
				PRODUCT_NAME = "$(TARGET_NAME)";
				SWIFT_EMIT_LOC_STRINGS = YES;
				SWIFT_VERSION = 5.0;
				TARGETED_DEVICE_FAMILY = "1,2";
			};
			name = Debug;
		};
		499644E2289148AF00C0639F /* Release */ = {
			isa = XCBuildConfiguration;
			buildSettings = {
				ASSETCATALOG_COMPILER_APPICON_NAME = AppIcon;
				ASSETCATALOG_COMPILER_GLOBAL_ACCENT_COLOR_NAME = AccentColor;
				CODE_SIGN_STYLE = Automatic;
				CURRENT_PROJECT_VERSION = 1;
				DEVELOPMENT_TEAM = F67DJJKXHT;
				GENERATE_INFOPLIST_FILE = YES;
				INFOPLIST_FILE = DrinkMenu/Info.plist;
				INFOPLIST_KEY_UIApplicationSupportsIndirectInputEvents = YES;
				INFOPLIST_KEY_UILaunchStoryboardName = LaunchScreen;
				INFOPLIST_KEY_UIMainStoryboardFile = Main;
				INFOPLIST_KEY_UISupportedInterfaceOrientations_iPad = "UIInterfaceOrientationPortrait UIInterfaceOrientationPortraitUpsideDown UIInterfaceOrientationLandscapeLeft UIInterfaceOrientationLandscapeRight";
				INFOPLIST_KEY_UISupportedInterfaceOrientations_iPhone = "UIInterfaceOrientationPortrait UIInterfaceOrientationLandscapeLeft UIInterfaceOrientationLandscapeRight";
				LD_RUNPATH_SEARCH_PATHS = (
					"$(inherited)",
					"@executable_path/Frameworks",
				);
				MARKETING_VERSION = 1.0;
				PRODUCT_BUNDLE_IDENTIFIER = Siemaszefie.DrinkMenu;
				PRODUCT_NAME = "$(TARGET_NAME)";
				SWIFT_EMIT_LOC_STRINGS = YES;
				SWIFT_VERSION = 5.0;
				TARGETED_DEVICE_FAMILY = "1,2";
			};
			name = Release;
		};
/* End XCBuildConfiguration section */

/* Begin XCConfigurationList section */
		499644C7289148AD00C0639F /* Build configuration list for PBXProject "DrinkMenu" */ = {
			isa = XCConfigurationList;
			buildConfigurations = (
				499644DE289148AF00C0639F /* Debug */,
				499644DF289148AF00C0639F /* Release */,
			);
			defaultConfigurationIsVisible = 0;
			defaultConfigurationName = Release;
		};
		499644E0289148AF00C0639F /* Build configuration list for PBXNativeTarget "DrinkMenu" */ = {
			isa = XCConfigurationList;
			buildConfigurations = (
				499644E1289148AF00C0639F /* Debug */,
				499644E2289148AF00C0639F /* Release */,
			);
			defaultConfigurationIsVisible = 0;
			defaultConfigurationName = Release;
		};
/* End XCConfigurationList section */
	};
	rootObject = 499644C4289148AD00C0639F /* Project object */;
}
